
Microsoft Visual Studio Solution File, Format Version 12.00
# Visual Studio 14
VisualStudioVersion = 14.0.25420.1
MinimumVisualStudioVersion = 10.0.40219.1
Project("{E24C65DC-7377-472B-9ABA-BC803B73C61A}") = "NewShop", "..\..\..\..\Now\STD_Nam3_Ky2\Nam3_2_LapTrinhWeb\LTW_CNTT54\BTL_Web\NewShop\", "{64207F46-521B-4E4A-B20B-CAD2B24BF643}"
	ProjectSection(WebsiteProperties) = preProject
		TargetFrameworkMoniker = ".NETFramework,Version%3Dv4.5.2"
		Debug.AspNetCompiler.VirtualPath = "/localhost_62507"
		Debug.AspNetCompiler.PhysicalPath = "..\..\..\..\Now\STD_Nam3_Ky2\Nam3_2_LapTrinhWeb\LTW_CNTT54\BTL_Web\NewShop\"
		Debug.AspNetCompiler.TargetPath = "PrecompiledWeb\localhost_62507\"
		Debug.AspNetCompiler.Updateable = "true"
		Debug.AspNetCompiler.ForceOverwrite = "true"
		Debug.AspNetCompiler.FixedNames = "false"
		Debug.AspNetCompiler.Debug = "True"
		Release.AspNetCompiler.VirtualPath = "/localhost_62507"
		Release.AspNetCompiler.PhysicalPath = "..\..\..\..\Now\STD_Nam3_Ky2\Nam3_2_LapTrinhWeb\LTW_CNTT54\BTL_Web\NewShop\"
		Release.AspNetCompiler.TargetPath = "PrecompiledWeb\localhost_62507\"
		Release.AspNetCompiler.Updateable = "true"
		Release.AspNetCompiler.ForceOverwrite = "true"
		Release.AspNetCompiler.FixedNames = "false"
		Release.AspNetCompiler.Debug = "False"
		VWDPort = "62507"
	EndProjectSection
EndProject
Global
	GlobalSection(SolutionConfigurationPlatforms) = preSolution
		Debug|Any CPU = Debug|Any CPU
	EndGlobalSection
	GlobalSection(ProjectConfigurationPlatforms) = postSolution
		{64207F46-521B-4E4A-B20B-CAD2B24BF643}.Debug|Any CPU.ActiveCfg = Debug|Any CPU
		{64207F46-521B-4E4A-B20B-CAD2B24BF643}.Debug|Any CPU.Build.0 = Debug|Any CPU
	EndGlobalSection
	GlobalSection(SolutionProperties) = preSolution
		HideSolutionNode = FALSE
	EndGlobalSection
EndGlobal
